
Microsoft Visual Studio Solution File, Format Version 12.00
# Visual Studio Version 17
VisualStudioVersion = 17.10.35013.160
MinimumVisualStudioVersion = 10.0.40219.1
Project("{FAE04EC0-301F-11D3-BF4B-00C04F79EFBC}") = "Tienda_Giovanna", "Tienda_Giovanna.csproj", "{4C7CBC7E-5FCD-4D2E-B36A-3706784922F0}"
EndProject
Global
	GlobalSection(SolutionConfigurationPlatforms) = preSolution
		Debug|Any CPU = Debug|Any CPU
		Release|Any CPU = Release|Any CPU
	EndGlobalSection
	GlobalSection(ProjectConfigurationPlatforms) = postSolution
		{4C7CBC7E-5FCD-4D2E-B36A-3706784922F0}.Debug|Any CPU.ActiveCfg = Debug|Any CPU
		{4C7CBC7E-5FCD-4D2E-B36A-3706784922F0}.Debug|Any CPU.Build.0 = Debug|Any CPU
		{4C7CBC7E-5FCD-4D2E-B36A-3706784922F0}.Release|Any CPU.ActiveCfg = Release|Any CPU
		{4C7CBC7E-5FCD-4D2E-B36A-3706784922F0}.Release|Any CPU.Build.0 = Release|Any CPU
	EndGlobalSection
	GlobalSection(SolutionProperties) = preSolution
		HideSolutionNode = FALSE
	EndGlobalSection
	GlobalSection(ExtensibilityGlobals) = postSolution
		SolutionGuid = {2E344736-1D26-47EB-9017-748069DC445A}
	EndGlobalSection
EndGlobal
